// !$*UTF8*$!
{
	archiveVersion = 1;
	classes = {
	};
	objectVersion = 55;
	objects = {

/* Begin PBXBuildFile section */
		EF860CF02745640B007DFB52 /* LaunchScreen.storyboard in Resources */ = {isa = PBXBuildFile; fileRef = EF860CEF2745640B007DFB52 /* LaunchScreen.storyboard */; };
		EF860CF12745640B007DFB52 /* LaunchScreen.storyboard in Resources */ = {isa = PBXBuildFile; fileRef = EF860CEF2745640B007DFB52 /* LaunchScreen.storyboard */; };
		EF860CF32745641E007DFB52 /* Main.storyboard in Resources */ = {isa = PBXBuildFile; fileRef = EF860CF22745641E007DFB52 /* Main.storyboard */; };
		EF860CF42745641E007DFB52 /* Main.storyboard in Resources */ = {isa = PBXBuildFile; fileRef = EF860CF22745641E007DFB52 /* Main.storyboard */; };
		EF86EA8427455C9500EDA9A2 /* helloworldApp.swift in Sources */ = {isa = PBXBuildFile; fileRef = EF86EA7427455C9300EDA9A2 /* helloworldApp.swift */; };
		EF86EA8527455C9500EDA9A2 /* helloworldApp.swift in Sources */ = {isa = PBXBuildFile; fileRef = EF86EA7427455C9300EDA9A2 /* helloworldApp.swift */; };
		EF86EA8627455C9500EDA9A2 /* ContentView.swift in Sources */ = {isa = PBXBuildFile; fileRef = EF86EA7527455C9300EDA9A2 /* ContentView.swift */; };
		EF86EA8727455C9500EDA9A2 /* ContentView.swift in Sources */ = {isa = PBXBuildFile; fileRef = EF86EA7527455C9300EDA9A2 /* ContentView.swift */; };
		EF86EA8827455C9500EDA9A2 /* Assets.xcassets in Resources */ = {isa = PBXBuildFile; fileRef = EF86EA7627455C9500EDA9A2 /* Assets.xcassets */; };
		EF86EA8927455C9500EDA9A2 /* Assets.xcassets in Resources */ = {isa = PBXBuildFile; fileRef = EF86EA7627455C9500EDA9A2 /* Assets.xcassets */; };
/* End PBXBuildFile section */

/* Begin PBXFileReference section */
		EF860CEF2745640B007DFB52 /* LaunchScreen.storyboard */ = {isa = PBXFileReference; fileEncoding = 4; lastKnownFileType = file.storyboard; path = LaunchScreen.storyboard; sourceTree = "<group>"; };
		EF860CF22745641E007DFB52 /* Main.storyboard */ = {isa = PBXFileReference; fileEncoding = 4; lastKnownFileType = file.storyboard; path = Main.storyboard; sourceTree = "<group>"; };
		EF86EA7427455C9300EDA9A2 /* helloworldApp.swift */ = {isa = PBXFileReference; lastKnownFileType = sourcecode.swift; path = helloworldApp.swift; sourceTree = "<group>"; };
		EF86EA7527455C9300EDA9A2 /* ContentView.swift */ = {isa = PBXFileReference; lastKnownFileType = sourcecode.swift; path = ContentView.swift; sourceTree = "<group>"; };
		EF86EA7627455C9500EDA9A2 /* Assets.xcassets */ = {isa = PBXFileReference; lastKnownFileType = folder.assetcatalog; path = Assets.xcassets; sourceTree = "<group>"; };
		EF86EA7B27455C9500EDA9A2 /* helloworld.app */ = {isa = PBXFileReference; explicitFileType = wrapper.application; includeInIndex = 0; path = helloworld.app; sourceTree = BUILT_PRODUCTS_DIR; };
		EF86EA8127455C9500EDA9A2 /* helloworld.app */ = {isa = PBXFileReference; explicitFileType = wrapper.application; includeInIndex = 0; path = helloworld.app; sourceTree = BUILT_PRODUCTS_DIR; };
		EF86EA8327455C9500EDA9A2 /* macOS.entitlements */ = {isa = PBXFileReference; lastKnownFileType = text.plist.entitlements; path = macOS.entitlements; sourceTree = "<group>"; };
/* End PBXFileReference section */

/* Begin PBXFrameworksBuildPhase section */
		EF86EA7827455C9500EDA9A2 /* Frameworks */ = {
			isa = PBXFrameworksBuildPhase;
			buildActionMask = 2147483647;
			files = (
			);
			runOnlyForDeploymentPostprocessing = 0;
		};
		EF86EA7E27455C9500EDA9A2 /* Frameworks */ = {
			isa = PBXFrameworksBuildPhase;
			buildActionMask = 2147483647;
			files = (
			);
			runOnlyForDeploymentPostprocessing = 0;
		};
/* End PBXFrameworksBuildPhase section */

/* Begin PBXGroup section */
		EF86EA6E27455C9300EDA9A2 = {
			isa = PBXGroup;
			children = (
				EF86EA7327455C9300EDA9A2 /* Shared */,
				EF86EA8227455C9500EDA9A2 /* macOS */,
				EF86EA7C27455C9500EDA9A2 /* Products */,
			);
			sourceTree = "<group>";
		};
		EF86EA7327455C9300EDA9A2 /* Shared */ = {
			isa = PBXGroup;
			children = (
				EF860CF22745641E007DFB52 /* Main.storyboard */,
				EF860CEF2745640B007DFB52 /* LaunchScreen.storyboard */,
				EF86EA7427455C9300EDA9A2 /* helloworldApp.swift */,
				EF86EA7527455C9300EDA9A2 /* ContentView.swift */,
				EF86EA7627455C9500EDA9A2 /* Assets.xcassets */,
			);
			path = Shared;
			sourceTree = "<group>";
		};
		EF86EA7C27455C9500EDA9A2 /* Products */ = {
			isa = PBXGroup;
			children = (
				EF86EA7B27455C9500EDA9A2 /* helloworld.app */,
				EF86EA8127455C9500EDA9A2 /* helloworld.app */,
			);
			name = Products;
			sourceTree = "<group>";
		};
		EF86EA8227455C9500EDA9A2 /* macOS */ = {
			isa = PBXGroup;
			children = (
				EF86EA8327455C9500EDA9A2 /* macOS.entitlements */,
			);
			path = macOS;
			sourceTree = "<group>";
		};
/* End PBXGroup section */

/* Begin PBXNativeTarget section */
		EF86EA7A27455C9500EDA9A2 /* helloworld (iOS) */ = {
			isa = PBXNativeTarget;
			buildConfigurationList = EF86EA8C27455C9500EDA9A2 /* Build configuration list for PBXNativeTarget "helloworld (iOS)" */;
			buildPhases = (
				EF86EA7727455C9500EDA9A2 /* Sources */,
				EF86EA7827455C9500EDA9A2 /* Frameworks */,
				EF86EA7927455C9500EDA9A2 /* Resources */,
			);
			buildRules = (
			);
			dependencies = (
			);
			name = "helloworld (iOS)";
			productName = "helloworld (iOS)";
			productReference = EF86EA7B27455C9500EDA9A2 /* helloworld.app */;
			productType = "com.apple.product-type.application";
		};
		EF86EA8027455C9500EDA9A2 /* helloworld (macOS) */ = {
			isa = PBXNativeTarget;
			buildConfigurationList = EF86EA8F27455C9500EDA9A2 /* Build configuration list for PBXNativeTarget "helloworld (macOS)" */;
			buildPhases = (
				EF86EA7D27455C9500EDA9A2 /* Sources */,
				EF86EA7E27455C9500EDA9A2 /* Frameworks */,
				EF86EA7F27455C9500EDA9A2 /* Resources */,
			);
			buildRules = (
			);
			dependencies = (
			);
			name = "helloworld (macOS)";
			productName = "helloworld (macOS)";
			productReference = EF86EA8127455C9500EDA9A2 /* helloworld.app */;
			productType = "com.apple.product-type.application";
		};
/* End PBXNativeTarget section */

/* Begin PBXProject section */
		EF86EA6F27455C9300EDA9A2 /* Project object */ = {
			isa = PBXProject;
			attributes = {
				BuildIndependentTargetsInParallel = 1;
				LastSwiftUpdateCheck = 1310;
				LastUpgradeCheck = 1310;
				TargetAttributes = {
					EF86EA7A27455C9500EDA9A2 = {
						CreatedOnToolsVersion = 13.1;
					};
					EF86EA8027455C9500EDA9A2 = {
						CreatedOnToolsVersion = 13.1;
					};
				};
			};
			buildConfigurationList = EF86EA7227455C9300EDA9A2 /* Build configuration list for PBXProject "helloworld" */;
			compatibilityVersion = "Xcode 13.0";
			developmentRegion = en;
			hasScannedForEncodings = 0;
			knownRegions = (
				en,
				Base,
			);
			mainGroup = EF86EA6E27455C9300EDA9A2;
			productRefGroup = EF86EA7C27455C9500EDA9A2 /* Products */;
			projectDirPath = "";
			projectRoot = "";
			targets = (
				EF86EA7A27455C9500EDA9A2 /* helloworld (iOS) */,
				EF86EA8027455C9500EDA9A2 /* helloworld (macOS) */,
			);
		};
/* End PBXProject section */

/* Begin PBXResourcesBuildPhase section */
		EF86EA7927455C9500EDA9A2 /* Resources */ = {
			isa = PBXResourcesBuildPhase;
			buildActionMask = 2147483647;
			files = (
				EF860CF32745641E007DFB52 /* Main.storyboard in Resources */,
				EF86EA8827455C9500EDA9A2 /* Assets.xcassets in Resources */,
				EF860CF02745640B007DFB52 /* LaunchScreen.storyboard in Resources */,
			);
			runOnlyForDeploymentPostprocessing = 0;
		};
		EF86EA7F27455C9500EDA9A2 /* Resources */ = {
			isa = PBXResourcesBuildPhase;
			buildActionMask = 2147483647;
			files = (
				EF860CF42745641E007DFB52 /* Main.storyboard in Resources */,
				EF86EA8927455C9500EDA9A2 /* Assets.xcassets in Resources */,
				EF860CF12745640B007DFB52 /* LaunchScreen.storyboard in Resources */,
			);
			runOnlyForDeploymentPostprocessing = 0;
		};
/* End PBXResourcesBuildPhase section */

/* Begin PBXSourcesBuildPhase section */
		EF86EA7727455C9500EDA9A2 /* Sources */ = {
			isa = PBXSourcesBuildPhase;
			buildActionMask = 2147483647;
			files = (
				EF86EA8627455C9500EDA9A2 /* ContentView.swift in Sources */,
				EF86EA8427455C9500EDA9A2 /* helloworldApp.swift in Sources */,
			);
			runOnlyForDeploymentPostprocessing = 0;
		};
		EF86EA7D27455C9500EDA9A2 /* Sources */ = {
			isa = PBXSourcesBuildPhase;
			buildActionMask = 2147483647;
			files = (
				EF86EA8727455C9500EDA9A2 /* ContentView.swift in Sources */,
				EF86EA8527455C9500EDA9A2 /* helloworldApp.swift in Sources */,
			);
			runOnlyForDeploymentPostprocessing = 0;
		};
/* End PBXSourcesBuildPhase section */

/* Begin XCBuildConfiguration section */
		EF86EA8A27455C9500EDA9A2 /* Debug */ = {
			isa = XCBuildConfiguration;
			buildSettings = {
				ALWAYS_SEARCH_USER_PATHS = NO;
				CLANG_ANALYZER_NONNULL = YES;
				CLANG_ANALYZER_NUMBER_OBJECT_CONVERSION = YES_AGGRESSIVE;
				CLANG_CXX_LANGUAGE_STANDARD = "gnu++17";
				CLANG_CXX_LIBRARY = "libc++";
				CLANG_ENABLE_MODULES = YES;
				CLANG_ENABLE_OBJC_ARC = YES;
				CLANG_ENABLE_OBJC_WEAK = YES;
				CLANG_WARN_BLOCK_CAPTURE_AUTORELEASING = YES;
				CLANG_WARN_BOOL_CONVERSION = YES;
				CLANG_WARN_COMMA = YES;
				CLANG_WARN_CONSTANT_CONVERSION = YES;
				CLANG_WARN_DEPRECATED_OBJC_IMPLEMENTATIONS = YES;
				CLANG_WARN_DIRECT_OBJC_ISA_USAGE = YES_ERROR;
				CLANG_WARN_DOCUMENTATION_COMMENTS = YES;
				CLANG_WARN_EMPTY_BODY = YES;
				CLANG_WARN_ENUM_CONVERSION = YES;
				CLANG_WARN_INFINITE_RECURSION = YES;
				CLANG_WARN_INT_CONVERSION = YES;
				CLANG_WARN_NON_LITERAL_NULL_CONVERSION = YES;
				CLANG_WARN_OBJC_IMPLICIT_RETAIN_SELF = YES;
				CLANG_WARN_OBJC_LITERAL_CONVERSION = YES;
				CLANG_WARN_OBJC_ROOT_CLASS = YES_ERROR;
				CLANG_WARN_QUOTED_INCLUDE_IN_FRAMEWORK_HEADER = YES;
				CLANG_WARN_RANGE_LOOP_ANALYSIS = YES;
				CLANG_WARN_STRICT_PROTOTYPES = YES;
				CLANG_WARN_SUSPICIOUS_MOVE = YES;
				CLANG_WARN_UNGUARDED_AVAILABILITY = YES_AGGRESSIVE;
				CLANG_WARN_UNREACHABLE_CODE = YES;
				CLANG_WARN__DUPLICATE_METHOD_MATCH = YES;
				COPY_PHASE_STRIP = NO;
				DEBUG_INFORMATION_FORMAT = dwarf;
				ENABLE_STRICT_OBJC_MSGSEND = YES;
				ENABLE_TESTABILITY = YES;
				GCC_C_LANGUAGE_STANDARD = gnu11;
				GCC_DYNAMIC_NO_PIC = NO;
				GCC_NO_COMMON_BLOCKS = YES;
				GCC_OPTIMIZATION_LEVEL = 0;
				GCC_PREPROCESSOR_DEFINITIONS = (
					"DEBUG=1",
					"$(inherited)",
				);
				GCC_WARN_64_TO_32_BIT_CONVERSION = YES;
				GCC_WARN_ABOUT_RETURN_TYPE = YES_ERROR;
				GCC_WARN_UNDECLARED_SELECTOR = YES;
				GCC_WARN_UNINITIALIZED_AUTOS = YES_AGGRESSIVE;
				GCC_WARN_UNUSED_FUNCTION = YES;
				GCC_WARN_UNUSED_VARIABLE = YES;
				MTL_ENABLE_DEBUG_INFO = INCLUDE_SOURCE;
				MTL_FAST_MATH = YES;
				ONLY_ACTIVE_ARCH = YES;
				SWIFT_ACTIVE_COMPILATION_CONDITIONS = DEBUG;
				SWIFT_OPTIMIZATION_LEVEL = "-Onone";
			};
			name = Debug;
		};
		EF86EA8B27455C9500EDA9A2 /* Release */ = {
			isa = XCBuildConfiguration;
			buildSettings = {
				ALWAYS_SEARCH_USER_PATHS = NO;
				CLANG_ANALYZER_NONNULL = YES;
				CLANG_ANALYZER_NUMBER_OBJECT_CONVERSION = YES_AGGRESSIVE;
				CLANG_CXX_LANGUAGE_STANDARD = "gnu++17";
				CLANG_CXX_LIBRARY = "libc++";
				CLANG_ENABLE_MODULES = YES;
				CLANG_ENABLE_OBJC_ARC = YES;
				CLANG_ENABLE_OBJC_WEAK = YES;
				CLANG_WARN_BLOCK_CAPTURE_AUTORELEASING = YES;
				CLANG_WARN_BOOL_CONVERSION = YES;
				CLANG_WARN_COMMA = YES;
				CLANG_WARN_CONSTANT_CONVERSION = YES;
				CLANG_WARN_DEPRECATED_OBJC_IMPLEMENTATIONS = YES;
				CLANG_WARN_DIRECT_OBJC_ISA_USAGE = YES_ERROR;
				CLANG_WARN_DOCUMENTATION_COMMENTS = YES;
				CLANG_WARN_EMPTY_BODY = YES;
				CLANG_WARN_ENUM_CONVERSION = YES;
				CLANG_WARN_INFINITE_RECURSION = YES;
				CLANG_WARN_INT_CONVERSION = YES;
				CLANG_WARN_NON_LITERAL_NULL_CONVERSION = YES;
				CLANG_WARN_OBJC_IMPLICIT_RETAIN_SELF = YES;
				CLANG_WARN_OBJC_LITERAL_CONVERSION = YES;
				CLANG_WARN_OBJC_ROOT_CLASS = YES_ERROR;
				CLANG_WARN_QUOTED_INCLUDE_IN_FRAMEWORK_HEADER = YES;
				CLANG_WARN_RANGE_LOOP_ANALYSIS = YES;
				CLANG_WARN_STRICT_PROTOTYPES = YES;
				CLANG_WARN_SUSPICIOUS_MOVE = YES;
				CLANG_WARN_UNGUARDED_AVAILABILITY = YES_AGGRESSIVE;
				CLANG_WARN_UNREACHABLE_CODE = YES;
				CLANG_WARN__DUPLICATE_METHOD_MATCH = YES;
				COPY_PHASE_STRIP = NO;
				DEBUG_INFORMATION_FORMAT = "dwarf-with-dsym";
				ENABLE_NS_ASSERTIONS = NO;
				ENABLE_STRICT_OBJC_MSGSEND = YES;
				GCC_C_LANGUAGE_STANDARD = gnu11;
				GCC_NO_COMMON_BLOCKS = YES;
				GCC_WARN_64_TO_32_BIT_CONVERSION = YES;
				GCC_WARN_ABOUT_RETURN_TYPE = YES_ERROR;
				GCC_WARN_UNDECLARED_SELECTOR = YES;
				GCC_WARN_UNINITIALIZED_AUTOS = YES_AGGRESSIVE;
				GCC_WARN_UNUSED_FUNCTION = YES;
				GCC_WARN_UNUSED_VARIABLE = YES;
				MTL_ENABLE_DEBUG_INFO = NO;
				MTL_FAST_MATH = YES;
				SWIFT_COMPILATION_MODE = wholemodule;
				SWIFT_OPTIMIZATION_LEVEL = "-O";
			};
			name = Release;
		};
		EF86EA8D27455C9500EDA9A2 /* Debug */ = {
			isa = XCBuildConfiguration;
			buildSettings = {
				ASSETCATALOG_COMPILER_APPICON_NAME = AppIcon;
				ASSETCATALOG_COMPILER_GLOBAL_ACCENT_COLOR_NAME = AccentColor;
				CODE_SIGN_STYLE = Automatic;
				CURRENT_PROJECT_VERSION = 1;
				ENABLE_PREVIEWS = YES;
				GENERATE_INFOPLIST_FILE = YES;
				INFOPLIST_KEY_UIApplicationSceneManifest_Generation = YES;
				INFOPLIST_KEY_UIApplicationSupportsIndirectInputEvents = YES;
				INFOPLIST_KEY_UILaunchScreen_Generation = YES;
				INFOPLIST_KEY_UISupportedInterfaceOrientations = "UIInterfaceOrientationPortrait UIInterfaceOrientationLandscapeLeft UIInterfaceOrientationLandscapeRight";
				INFOPLIST_KEY_UISupportedInterfaceOrientations_iPad = "UIInterfaceOrientationPortrait UIInterfaceOrientationPortraitUpsideDown UIInterfaceOrientationLandscapeLeft UIInterfaceOrientationLandscapeRight";
				INFOPLIST_KEY_UISupportedInterfaceOrientations_iPhone = "UIInterfaceOrientationPortrait UIInterfaceOrientationLandscapeLeft UIInterfaceOrientationLandscapeRight";
				IPHONEOS_DEPLOYMENT_TARGET = 14.0;
				LD_RUNPATH_SEARCH_PATHS = (
					"$(inherited)",
					"@executable_path/Frameworks",
				);
				MARKETING_VERSION = 1.0;
				PRODUCT_BUNDLE_IDENTIFIER = "-23.helloworld";
				PRODUCT_NAME = helloworld;
				SDKROOT = iphoneos;
				SWIFT_EMIT_LOC_STRINGS = YES;
				SWIFT_VERSION = 5.0;
				TARGETED_DEVICE_FAMILY = 1;
			};
			name = Debug;
		};
		EF86EA8E27455C9500EDA9A2 /* Release */ = {
			isa = XCBuildConfiguration;
			buildSettings = {
				ASSETCATALOG_COMPILER_APPICON_NAME = AppIcon;
				ASSETCATALOG_COMPILER_GLOBAL_ACCENT_COLOR_NAME = AccentColor;
				CODE_SIGN_STYLE = Automatic;
				CURRENT_PROJECT_VERSION = 1;
				ENABLE_PREVIEWS = YES;
				GENERATE_INFOPLIST_FILE = YES;
				INFOPLIST_KEY_UIApplicationSceneManifest_Generation = YES;
				INFOPLIST_KEY_UIApplicationSupportsIndirectInputEvents = YES;
				INFOPLIST_KEY_UILaunchScreen_Generation = YES;
				INFOPLIST_KEY_UISupportedInterfaceOrientations = "UIInterfaceOrientationPortrait UIInterfaceOrientationLandscapeLeft UIInterfaceOrientationLandscapeRight";
				INFOPLIST_KEY_UISupportedInterfaceOrientations_iPad = "UIInterfaceOrientationPortrait UIInterfaceOrientationPortraitUpsideDown UIInterfaceOrientationLandscapeLeft UIInterfaceOrientationLandscapeRight";
				INFOPLIST_KEY_UISupportedInterfaceOrientations_iPhone = "UIInterfaceOrientationPortrait UIInterfaceOrientationLandscapeLeft UIInterfaceOrientationLandscapeRight";
				IPHONEOS_DEPLOYMENT_TARGET = 14.0;
				LD_RUNPATH_SEARCH_PATHS = (
					"$(inherited)",
					"@executable_path/Frameworks",
				);
				MARKETING_VERSION = 1.0;
				PRODUCT_BUNDLE_IDENTIFIER = "-23.helloworld";
				PRODUCT_NAME = helloworld;
				SDKROOT = iphoneos;
				SWIFT_EMIT_LOC_STRINGS = YES;
				SWIFT_VERSION = 5.0;
				TARGETED_DEVICE_FAMILY = 1;
				VALIDATE_PRODUCT = YES;
			};
			name = Release;
		};
		EF86EA9027455C9500EDA9A2 /* Debug */ = {
			isa = XCBuildConfiguration;
			buildSettings = {
				ASSETCATALOG_COMPILER_APPICON_NAME = AppIcon;
				ASSETCATALOG_COMPILER_GLOBAL_ACCENT_COLOR_NAME = AccentColor;
				CODE_SIGN_ENTITLEMENTS = macOS/macOS.entitlements;
				CODE_SIGN_STYLE = Automatic;
				COMBINE_HIDPI_IMAGES = YES;
				CURRENT_PROJECT_VERSION = 1;
				ENABLE_PREVIEWS = YES;
				GENERATE_INFOPLIST_FILE = YES;
				INFOPLIST_KEY_NSHumanReadableCopyright = "";
				LD_RUNPATH_SEARCH_PATHS = (
					"$(inherited)",
					"@executable_path/../Frameworks",
				);
				MACOSX_DEPLOYMENT_TARGET = 11.6;
				MARKETING_VERSION = 1.0;
				PRODUCT_BUNDLE_IDENTIFIER = "-23.helloworld";
				PRODUCT_NAME = helloworld;
				SDKROOT = macosx;
				SWIFT_EMIT_LOC_STRINGS = YES;
				SWIFT_VERSION = 5.0;
			};
			name = Debug;
		};
		EF86EA9127455C9500EDA9A2 /* Release */ = {
			isa = XCBuildConfiguration;
			buildSettings = {
				ASSETCATALOG_COMPILER_APPICON_NAME = AppIcon;
				ASSETCATALOG_COMPILER_GLOBAL_ACCENT_COLOR_NAME = AccentColor;
				CODE_SIGN_ENTITLEMENTS = macOS/macOS.entitlements;
				CODE_SIGN_STYLE = Automatic;
				COMBINE_HIDPI_IMAGES = YES;
				CURRENT_PROJECT_VERSION = 1;
				ENABLE_PREVIEWS = YES;
				GENERATE_INFOPLIST_FILE = YES;
				INFOPLIST_KEY_NSHumanReadableCopyright = "";
				LD_RUNPATH_SEARCH_PATHS = (
					"$(inherited)",
					"@executable_path/../Frameworks",
				);
				MACOSX_DEPLOYMENT_TARGET = 11.6;
				MARKETING_VERSION = 1.0;
				PRODUCT_BUNDLE_IDENTIFIER = "-23.helloworld";
				PRODUCT_NAME = helloworld;
				SDKROOT = macosx;
				SWIFT_EMIT_LOC_STRINGS = YES;
				SWIFT_VERSION = 5.0;
			};
			name = Release;
		};
/* End XCBuildConfiguration section */

/* Begin XCConfigurationList section */
		EF86EA7227455C9300EDA9A2 /* Build configuration list for PBXProject "helloworld" */ = {
			isa = XCConfigurationList;
			buildConfigurations = (
				EF86EA8A27455C9500EDA9A2 /* Debug */,
				EF86EA8B27455C9500EDA9A2 /* Release */,
			);
			defaultConfigurationIsVisible = 0;
			defaultConfigurationName = Release;
		};
		EF86EA8C27455C9500EDA9A2 /* Build configuration list for PBXNativeTarget "helloworld (iOS)" */ = {
			isa = XCConfigurationList;
			buildConfigurations = (
				EF86EA8D27455C9500EDA9A2 /* Debug */,
				EF86EA8E27455C9500EDA9A2 /* Release */,
			);
			defaultConfigurationIsVisible = 0;
			defaultConfigurationName = Release;
		};
		EF86EA8F27455C9500EDA9A2 /* Build configuration list for PBXNativeTarget "helloworld (macOS)" */ = {
			isa = XCConfigurationList;
			buildConfigurations = (
				EF86EA9027455C9500EDA9A2 /* Debug */,
				EF86EA9127455C9500EDA9A2 /* Release */,
			);
			defaultConfigurationIsVisible = 0;
			defaultConfigurationName = Release;
		};
/* End XCConfigurationList section */
	};
	rootObject = EF86EA6F27455C9300EDA9A2 /* Project object */;
}
